# generated by rye
# use `rye lock` or `rye sync` to update this lockfile
#
# last locked with the following flags:
#   pre: false
#   features: []
#   all-features: false
#   with-sources: false
#   generate-hashes: false

-e file:.
annotated-types==0.7.0
    # via pydantic
black==24.4.2
    # via ml-components
boto3==1.34.137
    # via ml-components
botocore==1.34.137
    # via boto3
    # via s3transfer
click==8.1.7
    # via black
    # via typer
iniconfig==2.0.0
    # via pytest
isort==5.13.2
    # via ml-components
jmespath==1.0.1
    # via boto3
    # via botocore
joblib==1.4.2
    # via scikit-learn
markdown-it-py==3.0.0
    # via rich
mdurl==0.1.2
    # via markdown-it-py
mypy-extensions==1.0.0
    # via black
numpy==2.0.0
    # via ml-components
    # via opencv-python
    # via scikit-learn
    # via scipy
opencv-python==4.10.0.84
    # via ml-components
packaging==24.1
    # via black
    # via pytest
pathspec==0.12.1
    # via black
platformdirs==4.2.2
    # via black
pluggy==1.5.0
    # via pytest
pydantic==2.8.0
    # via ml-components
pydantic-core==2.20.0
    # via pydantic
pygments==2.18.0
    # via rich
pytest==8.2.2
    # via ml-components
python-dateutil==2.9.0.post0
    # via botocore
rich==13.7.1
    # via typer
s3transfer==0.10.2
    # via boto3
scikit-learn==1.5.0
    # via ml-components
scipy==1.14.0
    # via scikit-learn
shellingham==1.5.4
    # via typer
six==1.16.0
    # via python-dateutil
threadpoolctl==3.5.0
    # via scikit-learn
tqdm==4.66.4
    # via ml-components
typer==0.12.3
    # via ml-components
typing-extensions==4.12.2
    # via pydantic
    # via pydantic-core
    # via typer
urllib3==2.2.2
    # via botocore
